
Microsoft Visual Studio Solution File, Format Version 12.00
# Visual Studio Version 16
VisualStudioVersion = 16.0.29409.12
MinimumVisualStudioVersion = 10.0.40219.1
Project("{2150E333-8FDC-42A3-9474-1A3956D46DE8}") = "src", "src", "{395050CA-6BB7-4192-8180-9BB8001862EC}"
EndProject
Project("{2150E333-8FDC-42A3-9474-1A3956D46DE8}") = "test", "test", "{FB86ACCE-DB5E-4342-9BFE-686CBE811A35}"
EndProject
Project("{9A19103F-16F7-4668-BE54-9A1E7A4F7556}") = "FavoDeMel.Api", "src\FavoDeMel.Api\FavoDeMel.Api.csproj", "{43DAF1F4-CB5E-4E24-8D5E-8E993F425A00}"
EndProject
Project("{9A19103F-16F7-4668-BE54-9A1E7A4F7556}") = "FavoDeMel.Domain", "src\FavoDeMel.Domain\FavoDeMel.Domain.csproj", "{EE2C1ED1-50D5-4A26-9A01-D4C8F6FBC5F9}"
EndProject
Project("{9A19103F-16F7-4668-BE54-9A1E7A4F7556}") = "FavoDeMel.IoC", "src\FavoDeMel.IoC\FavoDeMel.IoC.csproj", "{D19E573E-D6F9-4B74-969F-698C4CF86242}"
EndProject
Project("{9A19103F-16F7-4668-BE54-9A1E7A4F7556}") = "FavoDeMel.Service", "src\FavoDeMel.Service\FavoDeMel.Service.csproj", "{6AC12C27-B98A-48DB-BFD5-C6989BF3BC2E}"
EndProject
Project("{9A19103F-16F7-4668-BE54-9A1E7A4F7556}") = "FavoDeMel.Tests", "test\FavoDeMel.Tests\FavoDeMel.Tests.csproj", "{A074EE4B-81E5-4EFD-B1B5-02D688BB1677}"
EndProject
Project("{9A19103F-16F7-4668-BE54-9A1E7A4F7556}") = "FavoDeMel.EF.Repository", "src\FavoDeMel.EF.Repository\FavoDeMel.EF.Repository.csproj", "{36B6ED5E-9389-459E-935D-016C1B52AD3A}"
EndProject
Project("{9A19103F-16F7-4668-BE54-9A1E7A4F7556}") = "FavoDeMel.Redis.Repository", "src\FavoDeMel.Redis.Repository\FavoDeMel.Redis.Repository.csproj", "{6041DB2D-28DD-4144-A0E8-09D462E2CAA5}"
EndProject
Project("{E53339B2-1760-4266-BCC7-CA923CBCF16C}") = "docker-compose", "docker-compose.dcproj", "{B8F2FF0C-E6D0-4550-96BA-6C905485E74F}"
EndProject
Project("{FAE04EC0-301F-11D3-BF4B-00C04F79EFBC}") = "FavoDeMel.Framework", "src\FavoDeMel.Framework\FavoDeMel.Framework.csproj", "{23AFB368-5883-4B5E-B2B6-3D76D9F2C3A0}"
EndProject
Project("{FAE04EC0-301F-11D3-BF4B-00C04F79EFBC}") = "FavoDeMel.Messaging", "src\FavoDeMel.Messaging\FavoDeMel.Messaging.csproj", "{BE831EAE-EA3B-423D-A81F-14FF4D7B9E0C}"
EndProject
Global
	GlobalSection(SolutionConfigurationPlatforms) = preSolution
		Debug|Any CPU = Debug|Any CPU
		Release|Any CPU = Release|Any CPU
	EndGlobalSection
	GlobalSection(ProjectConfigurationPlatforms) = postSolution
		{43DAF1F4-CB5E-4E24-8D5E-8E993F425A00}.Debug|Any CPU.ActiveCfg = Debug|Any CPU
		{43DAF1F4-CB5E-4E24-8D5E-8E993F425A00}.Debug|Any CPU.Build.0 = Debug|Any CPU
		{43DAF1F4-CB5E-4E24-8D5E-8E993F425A00}.Release|Any CPU.ActiveCfg = Release|Any CPU
		{43DAF1F4-CB5E-4E24-8D5E-8E993F425A00}.Release|Any CPU.Build.0 = Release|Any CPU
		{EE2C1ED1-50D5-4A26-9A01-D4C8F6FBC5F9}.Debug|Any CPU.ActiveCfg = Debug|Any CPU
		{EE2C1ED1-50D5-4A26-9A01-D4C8F6FBC5F9}.Debug|Any CPU.Build.0 = Debug|Any CPU
		{EE2C1ED1-50D5-4A26-9A01-D4C8F6FBC5F9}.Release|Any CPU.ActiveCfg = Release|Any CPU
		{EE2C1ED1-50D5-4A26-9A01-D4C8F6FBC5F9}.Release|Any CPU.Build.0 = Release|Any CPU
		{D19E573E-D6F9-4B74-969F-698C4CF86242}.Debug|Any CPU.ActiveCfg = Debug|Any CPU
		{D19E573E-D6F9-4B74-969F-698C4CF86242}.Debug|Any CPU.Build.0 = Debug|Any CPU
		{D19E573E-D6F9-4B74-969F-698C4CF86242}.Release|Any CPU.ActiveCfg = Release|Any CPU
		{D19E573E-D6F9-4B74-969F-698C4CF86242}.Release|Any CPU.Build.0 = Release|Any CPU
		{6AC12C27-B98A-48DB-BFD5-C6989BF3BC2E}.Debug|Any CPU.ActiveCfg = Debug|Any CPU
		{6AC12C27-B98A-48DB-BFD5-C6989BF3BC2E}.Debug|Any CPU.Build.0 = Debug|Any CPU
		{6AC12C27-B98A-48DB-BFD5-C6989BF3BC2E}.Release|Any CPU.ActiveCfg = Release|Any CPU
		{6AC12C27-B98A-48DB-BFD5-C6989BF3BC2E}.Release|Any CPU.Build.0 = Release|Any CPU
		{A074EE4B-81E5-4EFD-B1B5-02D688BB1677}.Debug|Any CPU.ActiveCfg = Debug|Any CPU
		{A074EE4B-81E5-4EFD-B1B5-02D688BB1677}.Debug|Any CPU.Build.0 = Debug|Any CPU
		{A074EE4B-81E5-4EFD-B1B5-02D688BB1677}.Release|Any CPU.ActiveCfg = Release|Any CPU
		{A074EE4B-81E5-4EFD-B1B5-02D688BB1677}.Release|Any CPU.Build.0 = Release|Any CPU
		{36B6ED5E-9389-459E-935D-016C1B52AD3A}.Debug|Any CPU.ActiveCfg = Debug|Any CPU
		{36B6ED5E-9389-459E-935D-016C1B52AD3A}.Debug|Any CPU.Build.0 = Debug|Any CPU
		{36B6ED5E-9389-459E-935D-016C1B52AD3A}.Release|Any CPU.ActiveCfg = Release|Any CPU
		{36B6ED5E-9389-459E-935D-016C1B52AD3A}.Release|Any CPU.Build.0 = Release|Any CPU
		{6041DB2D-28DD-4144-A0E8-09D462E2CAA5}.Debug|Any CPU.ActiveCfg = Debug|Any CPU
		{6041DB2D-28DD-4144-A0E8-09D462E2CAA5}.Debug|Any CPU.Build.0 = Debug|Any CPU
		{6041DB2D-28DD-4144-A0E8-09D462E2CAA5}.Release|Any CPU.ActiveCfg = Release|Any CPU
		{6041DB2D-28DD-4144-A0E8-09D462E2CAA5}.Release|Any CPU.Build.0 = Release|Any CPU
		{B8F2FF0C-E6D0-4550-96BA-6C905485E74F}.Debug|Any CPU.ActiveCfg = Debug|Any CPU
		{B8F2FF0C-E6D0-4550-96BA-6C905485E74F}.Debug|Any CPU.Build.0 = Debug|Any CPU
		{B8F2FF0C-E6D0-4550-96BA-6C905485E74F}.Release|Any CPU.ActiveCfg = Release|Any CPU
		{B8F2FF0C-E6D0-4550-96BA-6C905485E74F}.Release|Any CPU.Build.0 = Release|Any CPU
		{23AFB368-5883-4B5E-B2B6-3D76D9F2C3A0}.Debug|Any CPU.ActiveCfg = Debug|Any CPU
		{23AFB368-5883-4B5E-B2B6-3D76D9F2C3A0}.Debug|Any CPU.Build.0 = Debug|Any CPU
		{23AFB368-5883-4B5E-B2B6-3D76D9F2C3A0}.Release|Any CPU.ActiveCfg = Release|Any CPU
		{23AFB368-5883-4B5E-B2B6-3D76D9F2C3A0}.Release|Any CPU.Build.0 = Release|Any CPU
		{BE831EAE-EA3B-423D-A81F-14FF4D7B9E0C}.Debug|Any CPU.ActiveCfg = Debug|Any CPU
		{BE831EAE-EA3B-423D-A81F-14FF4D7B9E0C}.Debug|Any CPU.Build.0 = Debug|Any CPU
		{BE831EAE-EA3B-423D-A81F-14FF4D7B9E0C}.Release|Any CPU.ActiveCfg = Release|Any CPU
		{BE831EAE-EA3B-423D-A81F-14FF4D7B9E0C}.Release|Any CPU.Build.0 = Release|Any CPU
	EndGlobalSection
	GlobalSection(SolutionProperties) = preSolution
		HideSolutionNode = FALSE
	EndGlobalSection
	GlobalSection(NestedProjects) = preSolution
		{43DAF1F4-CB5E-4E24-8D5E-8E993F425A00} = {395050CA-6BB7-4192-8180-9BB8001862EC}
		{EE2C1ED1-50D5-4A26-9A01-D4C8F6FBC5F9} = {395050CA-6BB7-4192-8180-9BB8001862EC}
		{D19E573E-D6F9-4B74-969F-698C4CF86242} = {395050CA-6BB7-4192-8180-9BB8001862EC}
		{6AC12C27-B98A-48DB-BFD5-C6989BF3BC2E} = {395050CA-6BB7-4192-8180-9BB8001862EC}
		{A074EE4B-81E5-4EFD-B1B5-02D688BB1677} = {FB86ACCE-DB5E-4342-9BFE-686CBE811A35}
		{36B6ED5E-9389-459E-935D-016C1B52AD3A} = {395050CA-6BB7-4192-8180-9BB8001862EC}
		{6041DB2D-28DD-4144-A0E8-09D462E2CAA5} = {395050CA-6BB7-4192-8180-9BB8001862EC}
		{23AFB368-5883-4B5E-B2B6-3D76D9F2C3A0} = {395050CA-6BB7-4192-8180-9BB8001862EC}
		{BE831EAE-EA3B-423D-A81F-14FF4D7B9E0C} = {395050CA-6BB7-4192-8180-9BB8001862EC}
	EndGlobalSection
	GlobalSection(ExtensibilityGlobals) = postSolution
		SolutionGuid = {CAC24E65-09A0-4E48-B079-0DEC0590253A}
	EndGlobalSection
EndGlobal
